<?xml version="1.0" encoding="UTF-8" standalone="yes" ?>
<CodeBlocks_project_file>
   <FileVersion major="1" minor="6" />
   <Project>
      <Option title="CuraEngine" />
      <Option makefile_is_custom="1" />
      <Option compiler="gcc" />
      <Option virtualFolders="CMake Files\;CMake Files\..\;CMake Files\..\..\;CMake Files\..\..\..\;CMake Files\..\..\..\..\;CMake Files\..\..\..\..\..\;CMake Files\..\..\..\..\..\usr\;CMake Files\..\..\..\..\..\usr\local\;CMake Files\..\..\..\..\..\usr\local\lib\;CMake Files\..\..\..\..\..\usr\local\lib\cmake\;CMake Files\..\..\..\..\..\usr\local\lib\cmake\Arcus\;" />
      <Build>
      <Target title="all">
         <Option working_dir="/home/mike/Documents/MastersWork/CuraEngine" />
         <Option type="4" />
         <MakeCommands>
            <Build command="/usr/bin/make -f &quot;/home/mike/Documents/MastersWork/CuraEngine/Makefile&quot;  VERBOSE=1 all" />
            <CompileFile command="/usr/bin/make -f &quot;/home/mike/Documents/MastersWork/CuraEngine/Makefile&quot;  VERBOSE=1 &quot;$file&quot;" />
            <Clean command="/usr/bin/make -f &quot;/home/mike/Documents/MastersWork/CuraEngine/Makefile&quot;  VERBOSE=1 clean" />
            <DistClean command="/usr/bin/make -f &quot;/home/mike/Documents/MastersWork/CuraEngine/Makefile&quot;  VERBOSE=1 clean" />
         </MakeCommands>
      </Target>
      <Target title="CuraEngine">
         <Option output="/home/mike/Documents/MastersWork/CuraEngine/CuraEngine" prefix_auto="0" extension_auto="0" />
         <Option working_dir="/home/mike/Documents/MastersWork/CuraEngine" />
         <Option object_output="./" />
         <Option type="1" />
         <Option compiler="gcc" />
         <Compiler>
            <Add directory="/home/mike/Documents/MastersWork/CuraEngine" />
            <Add directory="/home/mike/Documents/MastersWork/CuraEngine/libs" />
            <Add directory="/usr/include" />
            <Add directory="/usr/include/c++/4.8" />
            <Add directory="/usr/include/c++/4.8/backward" />
            <Add directory="/usr/include/x86_64-linux-gnu" />
            <Add directory="/usr/include/x86_64-linux-gnu/c++/4.8" />
            <Add directory="/usr/lib/gcc/x86_64-linux-gnu/4.8/include" />
            <Add directory="/usr/lib/gcc/x86_64-linux-gnu/4.8/include-fixed" />
            <Add directory="/usr/local/include" />
         </Compiler>
         <MakeCommands>
            <Build command="/usr/bin/make -f &quot;/home/mike/Documents/MastersWork/CuraEngine/Makefile&quot;  VERBOSE=1 CuraEngine" />
            <CompileFile command="/usr/bin/make -f &quot;/home/mike/Documents/MastersWork/CuraEngine/Makefile&quot;  VERBOSE=1 &quot;$file&quot;" />
            <Clean command="/usr/bin/make -f &quot;/home/mike/Documents/MastersWork/CuraEngine/Makefile&quot;  VERBOSE=1 clean" />
            <DistClean command="/usr/bin/make -f &quot;/home/mike/Documents/MastersWork/CuraEngine/Makefile&quot;  VERBOSE=1 clean" />
         </MakeCommands>
      </Target>
      <Target title="CuraEngine/fast">
         <Option output="/home/mike/Documents/MastersWork/CuraEngine/CuraEngine" prefix_auto="0" extension_auto="0" />
         <Option working_dir="/home/mike/Documents/MastersWork/CuraEngine" />
         <Option object_output="./" />
         <Option type="1" />
         <Option compiler="gcc" />
         <Compiler>
            <Add directory="/home/mike/Documents/MastersWork/CuraEngine" />
            <Add directory="/home/mike/Documents/MastersWork/CuraEngine/libs" />
            <Add directory="/usr/include" />
            <Add directory="/usr/include/c++/4.8" />
            <Add directory="/usr/include/c++/4.8/backward" />
            <Add directory="/usr/include/x86_64-linux-gnu" />
            <Add directory="/usr/include/x86_64-linux-gnu/c++/4.8" />
            <Add directory="/usr/lib/gcc/x86_64-linux-gnu/4.8/include" />
            <Add directory="/usr/lib/gcc/x86_64-linux-gnu/4.8/include-fixed" />
            <Add directory="/usr/local/include" />
         </Compiler>
         <MakeCommands>
            <Build command="/usr/bin/make -f &quot;/home/mike/Documents/MastersWork/CuraEngine/Makefile&quot;  VERBOSE=1 CuraEngine/fast" />
            <CompileFile command="/usr/bin/make -f &quot;/home/mike/Documents/MastersWork/CuraEngine/Makefile&quot;  VERBOSE=1 &quot;$file&quot;" />
            <Clean command="/usr/bin/make -f &quot;/home/mike/Documents/MastersWork/CuraEngine/Makefile&quot;  VERBOSE=1 clean" />
            <DistClean command="/usr/bin/make -f &quot;/home/mike/Documents/MastersWork/CuraEngine/Makefile&quot;  VERBOSE=1 clean" />
         </MakeCommands>
      </Target>
      <Target title="clipper">
         <Option output="/home/mike/Documents/MastersWork/CuraEngine/libclipper.a" prefix_auto="0" extension_auto="0" />
         <Option working_dir="/home/mike/Documents/MastersWork/CuraEngine" />
         <Option object_output="./" />
         <Option type="2" />
         <Option compiler="gcc" />
         <Compiler>
            <Add directory="/home/mike/Documents/MastersWork/CuraEngine" />
            <Add directory="/home/mike/Documents/MastersWork/CuraEngine/libs" />
            <Add directory="/usr/include" />
            <Add directory="/usr/include/c++/4.8" />
            <Add directory="/usr/include/c++/4.8/backward" />
            <Add directory="/usr/include/x86_64-linux-gnu" />
            <Add directory="/usr/include/x86_64-linux-gnu/c++/4.8" />
            <Add directory="/usr/lib/gcc/x86_64-linux-gnu/4.8/include" />
            <Add directory="/usr/lib/gcc/x86_64-linux-gnu/4.8/include-fixed" />
            <Add directory="/usr/local/include" />
         </Compiler>
         <MakeCommands>
            <Build command="/usr/bin/make -f &quot;/home/mike/Documents/MastersWork/CuraEngine/Makefile&quot;  VERBOSE=1 clipper" />
            <CompileFile command="/usr/bin/make -f &quot;/home/mike/Documents/MastersWork/CuraEngine/Makefile&quot;  VERBOSE=1 &quot;$file&quot;" />
            <Clean command="/usr/bin/make -f &quot;/home/mike/Documents/MastersWork/CuraEngine/Makefile&quot;  VERBOSE=1 clean" />
            <DistClean command="/usr/bin/make -f &quot;/home/mike/Documents/MastersWork/CuraEngine/Makefile&quot;  VERBOSE=1 clean" />
         </MakeCommands>
      </Target>
      <Target title="clipper/fast">
         <Option output="/home/mike/Documents/MastersWork/CuraEngine/libclipper.a" prefix_auto="0" extension_auto="0" />
         <Option working_dir="/home/mike/Documents/MastersWork/CuraEngine" />
         <Option object_output="./" />
         <Option type="2" />
         <Option compiler="gcc" />
         <Compiler>
            <Add directory="/home/mike/Documents/MastersWork/CuraEngine" />
            <Add directory="/home/mike/Documents/MastersWork/CuraEngine/libs" />
            <Add directory="/usr/include" />
            <Add directory="/usr/include/c++/4.8" />
            <Add directory="/usr/include/c++/4.8/backward" />
            <Add directory="/usr/include/x86_64-linux-gnu" />
            <Add directory="/usr/include/x86_64-linux-gnu/c++/4.8" />
            <Add directory="/usr/lib/gcc/x86_64-linux-gnu/4.8/include" />
            <Add directory="/usr/lib/gcc/x86_64-linux-gnu/4.8/include-fixed" />
            <Add directory="/usr/local/include" />
         </Compiler>
         <MakeCommands>
            <Build command="/usr/bin/make -f &quot;/home/mike/Documents/MastersWork/CuraEngine/Makefile&quot;  VERBOSE=1 clipper/fast" />
            <CompileFile command="/usr/bin/make -f &quot;/home/mike/Documents/MastersWork/CuraEngine/Makefile&quot;  VERBOSE=1 &quot;$file&quot;" />
            <Clean command="/usr/bin/make -f &quot;/home/mike/Documents/MastersWork/CuraEngine/Makefile&quot;  VERBOSE=1 clean" />
            <DistClean command="/usr/bin/make -f &quot;/home/mike/Documents/MastersWork/CuraEngine/Makefile&quot;  VERBOSE=1 clean" />
         </MakeCommands>
      </Target>
      <Target title="install">
         <Option working_dir="/home/mike/Documents/MastersWork/CuraEngine" />
         <Option type="4" />
         <MakeCommands>
            <Build command="/usr/bin/make -f &quot;/home/mike/Documents/MastersWork/CuraEngine/Makefile&quot;  VERBOSE=1 install" />
            <CompileFile command="/usr/bin/make -f &quot;/home/mike/Documents/MastersWork/CuraEngine/Makefile&quot;  VERBOSE=1 &quot;$file&quot;" />
            <Clean command="/usr/bin/make -f &quot;/home/mike/Documents/MastersWork/CuraEngine/Makefile&quot;  VERBOSE=1 clean" />
            <DistClean command="/usr/bin/make -f &quot;/home/mike/Documents/MastersWork/CuraEngine/Makefile&quot;  VERBOSE=1 clean" />
         </MakeCommands>
      </Target>
      <Target title="install/local">
         <Option working_dir="/home/mike/Documents/MastersWork/CuraEngine" />
         <Option type="4" />
         <MakeCommands>
            <Build command="/usr/bin/make -f &quot;/home/mike/Documents/MastersWork/CuraEngine/Makefile&quot;  VERBOSE=1 install/local" />
            <CompileFile command="/usr/bin/make -f &quot;/home/mike/Documents/MastersWork/CuraEngine/Makefile&quot;  VERBOSE=1 &quot;$file&quot;" />
            <Clean command="/usr/bin/make -f &quot;/home/mike/Documents/MastersWork/CuraEngine/Makefile&quot;  VERBOSE=1 clean" />
            <DistClean command="/usr/bin/make -f &quot;/home/mike/Documents/MastersWork/CuraEngine/Makefile&quot;  VERBOSE=1 clean" />
         </MakeCommands>
      </Target>
      <Target title="install/strip">
         <Option working_dir="/home/mike/Documents/MastersWork/CuraEngine" />
         <Option type="4" />
         <MakeCommands>
            <Build command="/usr/bin/make -f &quot;/home/mike/Documents/MastersWork/CuraEngine/Makefile&quot;  VERBOSE=1 install/strip" />
            <CompileFile command="/usr/bin/make -f &quot;/home/mike/Documents/MastersWork/CuraEngine/Makefile&quot;  VERBOSE=1 &quot;$file&quot;" />
            <Clean command="/usr/bin/make -f &quot;/home/mike/Documents/MastersWork/CuraEngine/Makefile&quot;  VERBOSE=1 clean" />
            <DistClean command="/usr/bin/make -f &quot;/home/mike/Documents/MastersWork/CuraEngine/Makefile&quot;  VERBOSE=1 clean" />
         </MakeCommands>
      </Target>
      <Target title="list_install_components">
         <Option working_dir="/home/mike/Documents/MastersWork/CuraEngine" />
         <Option type="4" />
         <MakeCommands>
            <Build command="/usr/bin/make -f &quot;/home/mike/Documents/MastersWork/CuraEngine/Makefile&quot;  VERBOSE=1 list_install_components" />
            <CompileFile command="/usr/bin/make -f &quot;/home/mike/Documents/MastersWork/CuraEngine/Makefile&quot;  VERBOSE=1 &quot;$file&quot;" />
            <Clean command="/usr/bin/make -f &quot;/home/mike/Documents/MastersWork/CuraEngine/Makefile&quot;  VERBOSE=1 clean" />
            <DistClean command="/usr/bin/make -f &quot;/home/mike/Documents/MastersWork/CuraEngine/Makefile&quot;  VERBOSE=1 clean" />
         </MakeCommands>
      </Target>
      <Target title="package">
         <Option working_dir="/home/mike/Documents/MastersWork/CuraEngine" />
         <Option type="4" />
         <MakeCommands>
            <Build command="/usr/bin/make -f &quot;/home/mike/Documents/MastersWork/CuraEngine/Makefile&quot;  VERBOSE=1 package" />
            <CompileFile command="/usr/bin/make -f &quot;/home/mike/Documents/MastersWork/CuraEngine/Makefile&quot;  VERBOSE=1 &quot;$file&quot;" />
            <Clean command="/usr/bin/make -f &quot;/home/mike/Documents/MastersWork/CuraEngine/Makefile&quot;  VERBOSE=1 clean" />
            <DistClean command="/usr/bin/make -f &quot;/home/mike/Documents/MastersWork/CuraEngine/Makefile&quot;  VERBOSE=1 clean" />
         </MakeCommands>
      </Target>
      <Target title="package_source">
         <Option working_dir="/home/mike/Documents/MastersWork/CuraEngine" />
         <Option type="4" />
         <MakeCommands>
            <Build command="/usr/bin/make -f &quot;/home/mike/Documents/MastersWork/CuraEngine/Makefile&quot;  VERBOSE=1 package_source" />
            <CompileFile command="/usr/bin/make -f &quot;/home/mike/Documents/MastersWork/CuraEngine/Makefile&quot;  VERBOSE=1 &quot;$file&quot;" />
            <Clean command="/usr/bin/make -f &quot;/home/mike/Documents/MastersWork/CuraEngine/Makefile&quot;  VERBOSE=1 clean" />
            <DistClean command="/usr/bin/make -f &quot;/home/mike/Documents/MastersWork/CuraEngine/Makefile&quot;  VERBOSE=1 clean" />
         </MakeCommands>
      </Target>
      <Target title="rebuild_cache">
         <Option working_dir="/home/mike/Documents/MastersWork/CuraEngine" />
         <Option type="4" />
         <MakeCommands>
            <Build command="/usr/bin/make -f &quot;/home/mike/Documents/MastersWork/CuraEngine/Makefile&quot;  VERBOSE=1 rebuild_cache" />
            <CompileFile command="/usr/bin/make -f &quot;/home/mike/Documents/MastersWork/CuraEngine/Makefile&quot;  VERBOSE=1 &quot;$file&quot;" />
            <Clean command="/usr/bin/make -f &quot;/home/mike/Documents/MastersWork/CuraEngine/Makefile&quot;  VERBOSE=1 clean" />
            <DistClean command="/usr/bin/make -f &quot;/home/mike/Documents/MastersWork/CuraEngine/Makefile&quot;  VERBOSE=1 clean" />
         </MakeCommands>
      </Target>
      </Build>
      <Unit filename="/home/mike/Documents/MastersWork/CuraEngine/libs/clipper/clipper.cpp">
      </Unit>
      <Unit filename="/home/mike/Documents/MastersWork/CuraEngine/src/FffGcodeWriter.cpp">
      </Unit>
      <Unit filename="/home/mike/Documents/MastersWork/CuraEngine/src/FffPolygonGenerator.cpp">
      </Unit>
      <Unit filename="/home/mike/Documents/MastersWork/CuraEngine/src/FffProcessor.cpp">
      </Unit>
      <Unit filename="/home/mike/Documents/MastersWork/CuraEngine/src/MergeInfillLines.cpp">
      </Unit>
      <Unit filename="/home/mike/Documents/MastersWork/CuraEngine/src/MeshGroup.cpp">
      </Unit>
      <Unit filename="/home/mike/Documents/MastersWork/CuraEngine/src/PrimeTower.cpp">
      </Unit>
      <Unit filename="/home/mike/Documents/MastersWork/CuraEngine/src/Progress.cpp">
      </Unit>
      <Unit filename="/home/mike/Documents/MastersWork/CuraEngine/src/Weaver.cpp">
      </Unit>
      <Unit filename="/home/mike/Documents/MastersWork/CuraEngine/src/Wireframe2gcode.cpp">
      </Unit>
      <Unit filename="/home/mike/Documents/MastersWork/CuraEngine/src/bridge.cpp">
      </Unit>
      <Unit filename="/home/mike/Documents/MastersWork/CuraEngine/src/comb.cpp">
      </Unit>
      <Unit filename="/home/mike/Documents/MastersWork/CuraEngine/src/commandSocket.cpp">
      </Unit>
      <Unit filename="/home/mike/Documents/MastersWork/CuraEngine/src/gcodeExport.cpp">
      </Unit>
      <Unit filename="/home/mike/Documents/MastersWork/CuraEngine/src/gcodePlanner.cpp">
      </Unit>
      <Unit filename="/home/mike/Documents/MastersWork/CuraEngine/src/infill.cpp">
      </Unit>
      <Unit filename="/home/mike/Documents/MastersWork/CuraEngine/src/inset.cpp">
      </Unit>
      <Unit filename="/home/mike/Documents/MastersWork/CuraEngine/src/layerPart.cpp">
      </Unit>
      <Unit filename="/home/mike/Documents/MastersWork/CuraEngine/src/main.cpp">
      </Unit>
      <Unit filename="/home/mike/Documents/MastersWork/CuraEngine/src/mesh.cpp">
      </Unit>
      <Unit filename="/home/mike/Documents/MastersWork/CuraEngine/src/multiVolumes.cpp">
      </Unit>
      <Unit filename="/home/mike/Documents/MastersWork/CuraEngine/src/pathOrderOptimizer.cpp">
      </Unit>
      <Unit filename="/home/mike/Documents/MastersWork/CuraEngine/src/raft.cpp">
      </Unit>
      <Unit filename="/home/mike/Documents/MastersWork/CuraEngine/src/settingRegistry.cpp">
      </Unit>
      <Unit filename="/home/mike/Documents/MastersWork/CuraEngine/src/settings.cpp">
      </Unit>
      <Unit filename="/home/mike/Documents/MastersWork/CuraEngine/src/skin.cpp">
      </Unit>
      <Unit filename="/home/mike/Documents/MastersWork/CuraEngine/src/skirt.cpp">
      </Unit>
      <Unit filename="/home/mike/Documents/MastersWork/CuraEngine/src/sliceDataStorage.cpp">
      </Unit>
      <Unit filename="/home/mike/Documents/MastersWork/CuraEngine/src/slicer.cpp">
      </Unit>
      <Unit filename="/home/mike/Documents/MastersWork/CuraEngine/src/support.cpp">
      </Unit>
      <Unit filename="/home/mike/Documents/MastersWork/CuraEngine/src/timeEstimate.cpp">
      </Unit>
      <Unit filename="/home/mike/Documents/MastersWork/CuraEngine/src/utils/gettime.cpp">
      </Unit>
      <Unit filename="/home/mike/Documents/MastersWork/CuraEngine/src/utils/logoutput.cpp">
      </Unit>
      <Unit filename="/home/mike/Documents/MastersWork/CuraEngine/src/utils/polygon.cpp">
      </Unit>
      <Unit filename="/home/mike/Documents/MastersWork/CuraEngine/src/utils/polygonUtils.cpp">
      </Unit>
      <Unit filename="/home/mike/Documents/MastersWork/CuraEngine/src/wallOverlap.cpp">
      </Unit>
      <Unit filename="/home/mike/Documents/MastersWork/CuraEngine/libs/clipper/clipper.hpp">
      </Unit>
      <Unit filename="/home/mike/Documents/MastersWork/CuraEngine/src/FffGcodeWriter.h">
      </Unit>
      <Unit filename="/home/mike/Documents/MastersWork/CuraEngine/src/FffPolygonGenerator.h">
      </Unit>
      <Unit filename="/home/mike/Documents/MastersWork/CuraEngine/src/FffProcessor.h">
      </Unit>
      <Unit filename="/home/mike/Documents/MastersWork/CuraEngine/src/MergeInfillLines.h">
      </Unit>
      <Unit filename="/home/mike/Documents/MastersWork/CuraEngine/src/MeshGroup.h">
      </Unit>
      <Unit filename="/home/mike/Documents/MastersWork/CuraEngine/src/PrimeTower.h">
      </Unit>
      <Unit filename="/home/mike/Documents/MastersWork/CuraEngine/src/Progress.h">
      </Unit>
      <Unit filename="/home/mike/Documents/MastersWork/CuraEngine/src/Weaver.h">
      </Unit>
      <Unit filename="/home/mike/Documents/MastersWork/CuraEngine/src/Wireframe2gcode.h">
      </Unit>
      <Unit filename="/home/mike/Documents/MastersWork/CuraEngine/src/bridge.h">
      </Unit>
      <Unit filename="/home/mike/Documents/MastersWork/CuraEngine/src/comb.h">
      </Unit>
      <Unit filename="/home/mike/Documents/MastersWork/CuraEngine/src/commandSocket.h">
      </Unit>
      <Unit filename="/home/mike/Documents/MastersWork/CuraEngine/src/gcodeExport.h">
      </Unit>
      <Unit filename="/home/mike/Documents/MastersWork/CuraEngine/src/gcodePlanner.h">
      </Unit>
      <Unit filename="/home/mike/Documents/MastersWork/CuraEngine/src/infill.h">
      </Unit>
      <Unit filename="/home/mike/Documents/MastersWork/CuraEngine/src/inset.h">
      </Unit>
      <Unit filename="/home/mike/Documents/MastersWork/CuraEngine/src/layerPart.h">
      </Unit>
      <Unit filename="/home/mike/Documents/MastersWork/CuraEngine/src/mesh.h">
      </Unit>
      <Unit filename="/home/mike/Documents/MastersWork/CuraEngine/src/multiVolumes.h">
      </Unit>
      <Unit filename="/home/mike/Documents/MastersWork/CuraEngine/src/pathOrderOptimizer.h">
      </Unit>
      <Unit filename="/home/mike/Documents/MastersWork/CuraEngine/src/raft.h">
      </Unit>
      <Unit filename="/home/mike/Documents/MastersWork/CuraEngine/src/settingRegistry.h">
      </Unit>
      <Unit filename="/home/mike/Documents/MastersWork/CuraEngine/src/settings.h">
      </Unit>
      <Unit filename="/home/mike/Documents/MastersWork/CuraEngine/src/skin.h">
      </Unit>
      <Unit filename="/home/mike/Documents/MastersWork/CuraEngine/src/skirt.h">
      </Unit>
      <Unit filename="/home/mike/Documents/MastersWork/CuraEngine/src/sliceDataStorage.h">
      </Unit>
      <Unit filename="/home/mike/Documents/MastersWork/CuraEngine/src/slicer.h">
      </Unit>
      <Unit filename="/home/mike/Documents/MastersWork/CuraEngine/src/support.h">
      </Unit>
      <Unit filename="/home/mike/Documents/MastersWork/CuraEngine/src/timeEstimate.h">
      </Unit>
      <Unit filename="/home/mike/Documents/MastersWork/CuraEngine/src/utils/gettime.h">
      </Unit>
      <Unit filename="/home/mike/Documents/MastersWork/CuraEngine/src/utils/logoutput.h">
      </Unit>
      <Unit filename="/home/mike/Documents/MastersWork/CuraEngine/src/utils/polygon.h">
      </Unit>
      <Unit filename="/home/mike/Documents/MastersWork/CuraEngine/src/utils/polygonUtils.h">
      </Unit>
      <Unit filename="/home/mike/Documents/MastersWork/CuraEngine/src/wallOverlap.h">
      </Unit>
      <Unit filename="/home/mike/Documents/MastersWork/CuraEngine/CMakeLists.txt">
          <Option virtualFolder="CMake Files\" />
      </Unit>
      <Unit filename="/home/mike/Documents/MastersWork/CuraEngine/CPackConfig.cmake">
          <Option virtualFolder="CMake Files\" />
      </Unit>
      <Unit filename="/home/mike/Documents/MastersWork/CuraEngine/../../../../../usr/local/lib/cmake/Arcus/ArcusConfigVersion.cmake">
          <Option virtualFolder="CMake Files\..\..\..\..\..\usr\local\lib\cmake\Arcus\" />
      </Unit>
      <Unit filename="/home/mike/Documents/MastersWork/CuraEngine/../../../../../usr/local/lib/cmake/Arcus/ArcusConfig.cmake">
          <Option virtualFolder="CMake Files\..\..\..\..\..\usr\local\lib\cmake\Arcus\" />
      </Unit>
      <Unit filename="/home/mike/Documents/MastersWork/CuraEngine/../../../../../usr/local/lib/cmake/Arcus/Arcus-targets.cmake">
          <Option virtualFolder="CMake Files\..\..\..\..\..\usr\local\lib\cmake\Arcus\" />
      </Unit>
      <Unit filename="/home/mike/Documents/MastersWork/CuraEngine/../../../../../usr/local/lib/cmake/Arcus/Arcus-targets-noconfig.cmake">
          <Option virtualFolder="CMake Files\..\..\..\..\..\usr\local\lib\cmake\Arcus\" />
      </Unit>
   </Project>
</CodeBlocks_project_file>
